
Microsoft Visual Studio Solution File, Format Version 12.00
# Visual Studio Version 17
VisualStudioVersion = 17.3.32922.545
MinimumVisualStudioVersion = 10.0.40219.1
Project("{FAE04EC0-301F-11D3-BF4B-00C04F79EFBC}") = "Desafio Maioridade Leo Gauss", "Desafio Maioridade Leo Gauss\Desafio Maioridade Leo Gauss.csproj", "{619E4F52-C8E5-4E06-8ABF-E80693007BD9}"
EndProject
Global
	GlobalSection(SolutionConfigurationPlatforms) = preSolution
		Debug|Any CPU = Debug|Any CPU
		Release|Any CPU = Release|Any CPU
	EndGlobalSection
	GlobalSection(ProjectConfigurationPlatforms) = postSolution
		{619E4F52-C8E5-4E06-8ABF-E80693007BD9}.Debug|Any CPU.ActiveCfg = Debug|Any CPU
		{619E4F52-C8E5-4E06-8ABF-E80693007BD9}.Debug|Any CPU.Build.0 = Debug|Any CPU
		{619E4F52-C8E5-4E06-8ABF-E80693007BD9}.Release|Any CPU.ActiveCfg = Release|Any CPU
		{619E4F52-C8E5-4E06-8ABF-E80693007BD9}.Release|Any CPU.Build.0 = Release|Any CPU
	EndGlobalSection
	GlobalSection(SolutionProperties) = preSolution
		HideSolutionNode = FALSE
	EndGlobalSection
	GlobalSection(ExtensibilityGlobals) = postSolution
		SolutionGuid = {E0F50C4C-2CEA-4700-866E-9B2A7464B3DB}
	EndGlobalSection
EndGlobal
